{
  "version": "2",
  "remote": {
    "https://deno.land/std@0.66.0/_util/assert.ts": "e1f76e77c5ccb5a8e0dbbbe6cce3a56d2556c8cb5a9a8802fc9565af72462149",
    "https://deno.land/std@0.66.0/fs/_util.ts": "68508c05d5a02678179a02beabf2b3eac5b16c5a9cbd1c272686d8101bb2679d",
    "https://deno.land/std@0.66.0/fs/copy.ts": "b562e8f482cb8459bb011cbd769769bbdb4f6bc966effd277c06edbdbe41b72e",
    "https://deno.land/std@0.66.0/fs/empty_dir.ts": "4d706eb01e5d08d862c673200d1978526e485368559fc7fb0f297add68f9cc43",
    "https://deno.land/std@0.66.0/fs/ensure_dir.ts": "54cf0cfb16160857116d1bdff98214ad0189275fe2f089607fdc06c52ac79cc4",
    "https://deno.land/std@0.66.0/fs/ensure_file.ts": "b70eccaee6f41ae226d399ad9c8ebc29beb5dd86fe179d30ab7e681976352baf",
    "https://deno.land/std@0.66.0/fs/ensure_link.ts": "f647cea5c3b65f4a6618444546e9ca891d38f54f7fd4c718fb1fd575b4232213",
    "https://deno.land/std@0.66.0/fs/ensure_symlink.ts": "d472af1507fb920db214f6816522ddc89eefd5800735243873053b2523882ec1",
    "https://deno.land/std@0.66.0/fs/eol.ts": "4a0b2a612e0639b76d9c5fab0392e7bf1a158a7dab191ff7b7564870a1173812",
    "https://deno.land/std@0.66.0/fs/exists.ts": "5429dce6587bfcdde06a7a2a1fd5ad932c17d74ca082e67934fa646cff1d2e57",
    "https://deno.land/std@0.66.0/fs/expand_glob.ts": "07fa1edc468ac32779c709dd047f8067db90ac81db2d8bc4e92b08f5f83907e6",
    "https://deno.land/std@0.66.0/fs/mod.ts": "88bb982130bb86df1cb350619fed4118c4cc439eeced6484330b7255e3a16568",
    "https://deno.land/std@0.66.0/fs/move.ts": "020f56063c66288facbebc7d3c8dd3f309b0949fcaea49e463ccd5217fc82e2c",
    "https://deno.land/std@0.66.0/fs/read_json.ts": "6922a9adc50cd2a7233298fd7b7ad9062d8602a55d4abb2b72d23ef0268b1306",
    "https://deno.land/std@0.66.0/fs/walk.ts": "1715028b1646648b1239b9f93ff42beaf38f8e77424f8f9c2ffab9ee1594a54f",
    "https://deno.land/std@0.66.0/fs/write_json.ts": "89a6231f51a6759dfff8f1f5534d030c2239c22fc9f3c0b3305d424f4f1d5604",
    "https://deno.land/std@0.66.0/path/_constants.ts": "aba480c4a2c098b6374fdd5951fea13ecc8aaaf8b8aa4dae1871baa50243d676",
    "https://deno.land/std@0.66.0/path/_interface.ts": "5876f91d35fd42624893a4aaddaee352144e1f46e719f1dde6511bab7c3c1029",
    "https://deno.land/std@0.66.0/path/_util.ts": "f0fa012d40ae9b6acbef03908e534eb11e694de6470fb4d78ea4f38829e735ab",
    "https://deno.land/std@0.66.0/path/common.ts": "e4ec66a7416d56f60331b66e27a8a4f08c7b1cf48e350271cb69754a01cf5c04",
    "https://deno.land/std@0.66.0/path/glob.ts": "43cc45e8649a35a199c4106dfdf66206f46dfd8e2e626a746512c1a1376fde99",
    "https://deno.land/std@0.66.0/path/mod.ts": "6de8885c2534757097818e302becd1cefcbc4c28ac022cc279e612ee04e8cfd1",
    "https://deno.land/std@0.66.0/path/posix.ts": "40c387415fca91b3482214cf74880c415cda90b337bebd2c9d4b62d2097bc146",
    "https://deno.land/std@0.66.0/path/separator.ts": "9dd15d46ff84a16e13554f56af7fee1f85f8d0f379efbbe60ac066a60561f036",
    "https://deno.land/std@0.66.0/path/win32.ts": "9e200471f24fb560d22e74b238133cb75ebb57bead933de1cc5aefed4cda3346",
    "https://deno.land/x/eta@v1.11.0/compile-string.ts": "3537fc3bf5173a0bc22eb326bd6905bba4dbd45a09f676c9c73cd07a71700fa8",
    "https://deno.land/x/eta@v1.11.0/compile.ts": "264bd16f2ca0c38dc1404324147d3b36079f018af2880bf8840aec11e35331a1",
    "https://deno.land/x/eta@v1.11.0/config.ts": "942f054e10b156e4a61c377f88cd9fa25c39a2797c862c26c5819b4d083f448b",
    "https://deno.land/x/eta@v1.11.0/containers.ts": "98f50a2d8f42becc92664611772de03b28f7459d607da34be2a125dda8cc8288",
    "https://deno.land/x/eta@v1.11.0/err.ts": "1f12ec5d6e25f8b75ecf19e93e61746b785f9b15026919ba1af18560a0d86405",
    "https://deno.land/x/eta@v1.11.0/file-handlers.ts": "4093c590757625a1815352231e0883703fbd10e3b4cdd9573be1369c095f97ed",
    "https://deno.land/x/eta@v1.11.0/file-helpers.ts": "1ae72ce2bb15def24916caf1b949083341d9551b19a1d012da73a972770748aa",
    "https://deno.land/x/eta@v1.11.0/file-methods.ts": "bf2f3c0c088ecdddb3fc437c061a075acd05f517991778a4146aab8aadb159f3",
    "https://deno.land/x/eta@v1.11.0/file-utils.ts": "7e19e23004389a2c2d4275d8ef7d5772461f984d475e68ea14e4f970c6c1f6f1",
    "https://deno.land/x/eta@v1.11.0/mod.ts": "4e9c15c805179a1a2225dfd56ada1dad4e2d1fbb224a08da7e2358932f4f3301",
    "https://deno.land/x/eta@v1.11.0/parse.ts": "43fd7e48f83706b528c294a8aa633438577d9e7e666a5fc9d979af943dbed624",
    "https://deno.land/x/eta@v1.11.0/polyfills.ts": "c43398900fb5d71de3f85ea89f4b9eb695811402a4c254e91ffb0bd4f8a5d2af",
    "https://deno.land/x/eta@v1.11.0/render.ts": "c4a4f7cdfffbbaa65d5a3c050d89dadf061e11dbb8e20cf43f08c555ae096f25",
    "https://deno.land/x/eta@v1.11.0/storage.ts": "6b15a10a81c7a1189259c76e06a51302f4d8f8ee178c865457758841859e3351",
    "https://deno.land/x/eta@v1.11.0/utils.ts": "f3ef645585afe6f4497e103fc98b30526fadc4d05965252c079145ee73ca9c13"
  }
}
